// !$*UTF8*$!
{
	archiveVersion = 1;
	classes = {
	};
	objectVersion = 50;
	objects = {

/* Begin PBXBuildFile section */
		671B8F57249A33F60058474B /* DifficultyMode.swift in Sources */ = {isa = PBXBuildFile; fileRef = 671B8F56249A33F60058474B /* DifficultyMode.swift */; };
		671B8F59249A38380058474B /* .gitignore in Resources */ = {isa = PBXBuildFile; fileRef = 671B8F58249A38380058474B /* .gitignore */; };
		67571E6F249A30090063B786 /* AppDelegate.swift in Sources */ = {isa = PBXBuildFile; fileRef = 67571E6E249A30090063B786 /* AppDelegate.swift */; };
		67571E71249A30090063B786 /* SceneDelegate.swift in Sources */ = {isa = PBXBuildFile; fileRef = 67571E70249A30090063B786 /* SceneDelegate.swift */; };
		67571E73249A30090063B786 /* ViewController.swift in Sources */ = {isa = PBXBuildFile; fileRef = 67571E72249A30090063B786 /* ViewController.swift */; };
		67571E76249A30090063B786 /* Main.storyboard in Resources */ = {isa = PBXBuildFile; fileRef = 67571E74249A30090063B786 /* Main.storyboard */; };
		67571E78249A30090063B786 /* Assets.xcassets in Resources */ = {isa = PBXBuildFile; fileRef = 67571E77249A30090063B786 /* Assets.xcassets */; };
		67571E7B249A30090063B786 /* LaunchScreen.storyboard in Resources */ = {isa = PBXBuildFile; fileRef = 67571E79249A30090063B786 /* LaunchScreen.storyboard */; };
		67571E83249A301E0063B786 /* Frequency.swift in Sources */ = {isa = PBXBuildFile; fileRef = 67571E82249A301E0063B786 /* Frequency.swift */; };
/* End PBXBuildFile section */

/* Begin PBXFileReference section */
		671B8F56249A33F60058474B /* DifficultyMode.swift */ = {isa = PBXFileReference; lastKnownFileType = sourcecode.swift; path = DifficultyMode.swift; sourceTree = "<group>"; };
		671B8F58249A38380058474B /* .gitignore */ = {isa = PBXFileReference; lastKnownFileType = text; path = .gitignore; sourceTree = "<group>"; };
		67571E6B249A30090063B786 /* Audio-Frequency-Trainer.app */ = {isa = PBXFileReference; explicitFileType = wrapper.application; includeInIndex = 0; path = "Audio-Frequency-Trainer.app"; sourceTree = BUILT_PRODUCTS_DIR; };
		67571E6E249A30090063B786 /* AppDelegate.swift */ = {isa = PBXFileReference; lastKnownFileType = sourcecode.swift; path = AppDelegate.swift; sourceTree = "<group>"; };
		67571E70249A30090063B786 /* SceneDelegate.swift */ = {isa = PBXFileReference; lastKnownFileType = sourcecode.swift; path = SceneDelegate.swift; sourceTree = "<group>"; };
		67571E72249A30090063B786 /* ViewController.swift */ = {isa = PBXFileReference; lastKnownFileType = sourcecode.swift; path = ViewController.swift; sourceTree = "<group>"; };
		67571E75249A30090063B786 /* Base */ = {isa = PBXFileReference; lastKnownFileType = file.storyboard; name = Base; path = Base.lproj/Main.storyboard; sourceTree = "<group>"; };
		67571E77249A30090063B786 /* Assets.xcassets */ = {isa = PBXFileReference; lastKnownFileType = folder.assetcatalog; path = Assets.xcassets; sourceTree = "<group>"; };
		67571E7A249A30090063B786 /* Base */ = {isa = PBXFileReference; lastKnownFileType = file.storyboard; name = Base; path = Base.lproj/LaunchScreen.storyboard; sourceTree = "<group>"; };
		67571E7C249A30090063B786 /* Info.plist */ = {isa = PBXFileReference; lastKnownFileType = text.plist.xml; path = Info.plist; sourceTree = "<group>"; };
		67571E82249A301E0063B786 /* Frequency.swift */ = {isa = PBXFileReference; lastKnownFileType = sourcecode.swift; path = Frequency.swift; sourceTree = "<group>"; };
/* End PBXFileReference section */

/* Begin PBXFrameworksBuildPhase section */
		67571E68249A30090063B786 /* Frameworks */ = {
			isa = PBXFrameworksBuildPhase;
			buildActionMask = 2147483647;
			files = (
			);
			runOnlyForDeploymentPostprocessing = 0;
		};
/* End PBXFrameworksBuildPhase section */

/* Begin PBXGroup section */
		67571E62249A30090063B786 = {
			isa = PBXGroup;
			children = (
				671B8F58249A38380058474B /* .gitignore */,
				67571E6D249A30090063B786 /* Audio-Frequency-Trainer */,
				67571E6C249A30090063B786 /* Products */,
			);
			sourceTree = "<group>";
		};
		67571E6C249A30090063B786 /* Products */ = {
			isa = PBXGroup;
			children = (
				67571E6B249A30090063B786 /* Audio-Frequency-Trainer.app */,
			);
			name = Products;
			sourceTree = "<group>";
		};
		67571E6D249A30090063B786 /* Audio-Frequency-Trainer */ = {
			isa = PBXGroup;
			children = (
				67571E6E249A30090063B786 /* AppDelegate.swift */,
				67571E70249A30090063B786 /* SceneDelegate.swift */,
				67571E72249A30090063B786 /* ViewController.swift */,
				67571E74249A30090063B786 /* Main.storyboard */,
				67571E77249A30090063B786 /* Assets.xcassets */,
				67571E79249A30090063B786 /* LaunchScreen.storyboard */,
				67571E7C249A30090063B786 /* Info.plist */,
				67571E82249A301E0063B786 /* Frequency.swift */,
				671B8F56249A33F60058474B /* DifficultyMode.swift */,
			);
			path = "Audio-Frequency-Trainer";
			sourceTree = "<group>";
		};
/* End PBXGroup section */

/* Begin PBXNativeTarget section */
		67571E6A249A30090063B786 /* Audio-Frequency-Trainer */ = {
			isa = PBXNativeTarget;
			buildConfigurationList = 67571E7F249A30090063B786 /* Build configuration list for PBXNativeTarget "Audio-Frequency-Trainer" */;
			buildPhases = (
				67571E67249A30090063B786 /* Sources */,
				67571E68249A30090063B786 /* Frameworks */,
				67571E69249A30090063B786 /* Resources */,
			);
			buildRules = (
			);
			dependencies = (
			);
			name = "Audio-Frequency-Trainer";
			productName = "Audio-Frequency-Trainer";
			productReference = 67571E6B249A30090063B786 /* Audio-Frequency-Trainer.app */;
			productType = "com.apple.product-type.application";
		};
/* End PBXNativeTarget section */

/* Begin PBXProject section */
		67571E63249A30090063B786 /* Project object */ = {
			isa = PBXProject;
			attributes = {
				LastSwiftUpdateCheck = 1150;
				LastUpgradeCheck = 1150;
				ORGANIZATIONNAME = Mixam;
				TargetAttributes = {
					67571E6A249A30090063B786 = {
						CreatedOnToolsVersion = 11.5;
					};
				};
			};
			buildConfigurationList = 67571E66249A30090063B786 /* Build configuration list for PBXProject "Audio-Frequency-Trainer" */;
			compatibilityVersion = "Xcode 9.3";
			developmentRegion = en;
			hasScannedForEncodings = 0;
			knownRegions = (
				en,
				Base,
			);
			mainGroup = 67571E62249A30090063B786;
			productRefGroup = 67571E6C249A30090063B786 /* Products */;
			projectDirPath = "";
			projectRoot = "";
			targets = (
				67571E6A249A30090063B786 /* Audio-Frequency-Trainer */,
			);
		};
/* End PBXProject section */

/* Begin PBXResourcesBuildPhase section */
		67571E69249A30090063B786 /* Resources */ = {
			isa = PBXResourcesBuildPhase;
			buildActionMask = 2147483647;
			files = (
				671B8F59249A38380058474B /* .gitignore in Resources */,
				67571E7B249A30090063B786 /* LaunchScreen.storyboard in Resources */,
				67571E78249A30090063B786 /* Assets.xcassets in Resources */,
				67571E76249A30090063B786 /* Main.storyboard in Resources */,
			);
			runOnlyForDeploymentPostprocessing = 0;
		};
/* End PBXResourcesBuildPhase section */

/* Begin PBXSourcesBuildPhase section */
		67571E67249A30090063B786 /* Sources */ = {
			isa = PBXSourcesBuildPhase;
			buildActionMask = 2147483647;
			files = (
				67571E83249A301E0063B786 /* Frequency.swift in Sources */,
				671B8F57249A33F60058474B /* DifficultyMode.swift in Sources */,
				67571E73249A30090063B786 /* ViewController.swift in Sources */,
				67571E6F249A30090063B786 /* AppDelegate.swift in Sources */,
				67571E71249A30090063B786 /* SceneDelegate.swift in Sources */,
			);
			runOnlyForDeploymentPostprocessing = 0;
		};
/* End PBXSourcesBuildPhase section */

/* Begin PBXVariantGroup section */
		67571E74249A30090063B786 /* Main.storyboard */ = {
			isa = PBXVariantGroup;
			children = (
				67571E75249A30090063B786 /* Base */,
			);
			name = Main.storyboard;
			sourceTree = "<group>";
		};
		67571E79249A30090063B786 /* LaunchScreen.storyboard */ = {
			isa = PBXVariantGroup;
			children = (
				67571E7A249A30090063B786 /* Base */,
			);
			name = LaunchScreen.storyboard;
			sourceTree = "<group>";
		};
/* End PBXVariantGroup section */

/* Begin XCBuildConfiguration section */
		67571E7D249A30090063B786 /* Debug */ = {
			isa = XCBuildConfiguration;
			buildSettings = {
				ALWAYS_SEARCH_USER_PATHS = NO;
				CLANG_ANALYZER_NONNULL = YES;
				CLANG_ANALYZER_NUMBER_OBJECT_CONVERSION = YES_AGGRESSIVE;
				CLANG_CXX_LANGUAGE_STANDARD = "gnu++14";
				CLANG_CXX_LIBRARY = "libc++";
				CLANG_ENABLE_MODULES = YES;
				CLANG_ENABLE_OBJC_ARC = YES;
				CLANG_ENABLE_OBJC_WEAK = YES;
				CLANG_WARN_BLOCK_CAPTURE_AUTORELEASING = YES;
				CLANG_WARN_BOOL_CONVERSION = YES;
				CLANG_WARN_COMMA = YES;
				CLANG_WARN_CONSTANT_CONVERSION = YES;
				CLANG_WARN_DEPRECATED_OBJC_IMPLEMENTATIONS = YES;
				CLANG_WARN_DIRECT_OBJC_ISA_USAGE = YES_ERROR;
				CLANG_WARN_DOCUMENTATION_COMMENTS = YES;
				CLANG_WARN_EMPTY_BODY = YES;
				CLANG_WARN_ENUM_CONVERSION = YES;
				CLANG_WARN_INFINITE_RECURSION = YES;
				CLANG_WARN_INT_CONVERSION = YES;
				CLANG_WARN_NON_LITERAL_NULL_CONVERSION = YES;
				CLANG_WARN_OBJC_IMPLICIT_RETAIN_SELF = YES;
				CLANG_WARN_OBJC_LITERAL_CONVERSION = YES;
				CLANG_WARN_OBJC_ROOT_CLASS = YES_ERROR;
				CLANG_WARN_RANGE_LOOP_ANALYSIS = YES;
				CLANG_WARN_STRICT_PROTOTYPES = YES;
				CLANG_WARN_SUSPICIOUS_MOVE = YES;
				CLANG_WARN_UNGUARDED_AVAILABILITY = YES_AGGRESSIVE;
				CLANG_WARN_UNREACHABLE_CODE = YES;
				CLANG_WARN__DUPLICATE_METHOD_MATCH = YES;
				COPY_PHASE_STRIP = NO;
				DEBUG_INFORMATION_FORMAT = dwarf;
				ENABLE_STRICT_OBJC_MSGSEND = YES;
				ENABLE_TESTABILITY = YES;
				GCC_C_LANGUAGE_STANDARD = gnu11;
				GCC_DYNAMIC_NO_PIC = NO;
				GCC_NO_COMMON_BLOCKS = YES;
				GCC_OPTIMIZATION_LEVEL = 0;
				GCC_PREPROCESSOR_DEFINITIONS = (
					"DEBUG=1",
					"$(inherited)",
				);
				GCC_WARN_64_TO_32_BIT_CONVERSION = YES;
				GCC_WARN_ABOUT_RETURN_TYPE = YES_ERROR;
				GCC_WARN_UNDECLARED_SELECTOR = YES;
				GCC_WARN_UNINITIALIZED_AUTOS = YES_AGGRESSIVE;
				GCC_WARN_UNUSED_FUNCTION = YES;
				GCC_WARN_UNUSED_VARIABLE = YES;
				IPHONEOS_DEPLOYMENT_TARGET = 13.5;
				MTL_ENABLE_DEBUG_INFO = INCLUDE_SOURCE;
				MTL_FAST_MATH = YES;
				ONLY_ACTIVE_ARCH = YES;
				SDKROOT = iphoneos;
				SWIFT_ACTIVE_COMPILATION_CONDITIONS = DEBUG;
				SWIFT_OPTIMIZATION_LEVEL = "-Onone";
			};
			name = Debug;
		};
		67571E7E249A30090063B786 /* Release */ = {
			isa = XCBuildConfiguration;
			buildSettings = {
				ALWAYS_SEARCH_USER_PATHS = NO;
				CLANG_ANALYZER_NONNULL = YES;
				CLANG_ANALYZER_NUMBER_OBJECT_CONVERSION = YES_AGGRESSIVE;
				CLANG_CXX_LANGUAGE_STANDARD = "gnu++14";
				CLANG_CXX_LIBRARY = "libc++";
				CLANG_ENABLE_MODULES = YES;
				CLANG_ENABLE_OBJC_ARC = YES;
				CLANG_ENABLE_OBJC_WEAK = YES;
				CLANG_WARN_BLOCK_CAPTURE_AUTORELEASING = YES;
				CLANG_WARN_BOOL_CONVERSION = YES;
				CLANG_WARN_COMMA = YES;
				CLANG_WARN_CONSTANT_CONVERSION = YES;
				CLANG_WARN_DEPRECATED_OBJC_IMPLEMENTATIONS = YES;
				CLANG_WARN_DIRECT_OBJC_ISA_USAGE = YES_ERROR;
				CLANG_WARN_DOCUMENTATION_COMMENTS = YES;
				CLANG_WARN_EMPTY_BODY = YES;
				CLANG_WARN_ENUM_CONVERSION = YES;
				CLANG_WARN_INFINITE_RECURSION = YES;
				CLANG_WARN_INT_CONVERSION = YES;
				CLANG_WARN_NON_LITERAL_NULL_CONVERSION = YES;
				CLANG_WARN_OBJC_IMPLICIT_RETAIN_SELF = YES;
				CLANG_WARN_OBJC_LITERAL_CONVERSION = YES;
				CLANG_WARN_OBJC_ROOT_CLASS = YES_ERROR;
				CLANG_WARN_RANGE_LOOP_ANALYSIS = YES;
				CLANG_WARN_STRICT_PROTOTYPES = YES;
				CLANG_WARN_SUSPICIOUS_MOVE = YES;
				CLANG_WARN_UNGUARDED_AVAILABILITY = YES_AGGRESSIVE;
				CLANG_WARN_UNREACHABLE_CODE = YES;
				CLANG_WARN__DUPLICATE_METHOD_MATCH = YES;
				COPY_PHASE_STRIP = NO;
				DEBUG_INFORMATION_FORMAT = "dwarf-with-dsym";
				ENABLE_NS_ASSERTIONS = NO;
				ENABLE_STRICT_OBJC_MSGSEND = YES;
				GCC_C_LANGUAGE_STANDARD = gnu11;
				GCC_NO_COMMON_BLOCKS = YES;
				GCC_WARN_64_TO_32_BIT_CONVERSION = YES;
				GCC_WARN_ABOUT_RETURN_TYPE = YES_ERROR;
				GCC_WARN_UNDECLARED_SELECTOR = YES;
				GCC_WARN_UNINITIALIZED_AUTOS = YES_AGGRESSIVE;
				GCC_WARN_UNUSED_FUNCTION = YES;
				GCC_WARN_UNUSED_VARIABLE = YES;
				IPHONEOS_DEPLOYMENT_TARGET = 13.5;
				MTL_ENABLE_DEBUG_INFO = NO;
				MTL_FAST_MATH = YES;
				SDKROOT = iphoneos;
				SWIFT_COMPILATION_MODE = wholemodule;
				SWIFT_OPTIMIZATION_LEVEL = "-O";
				VALIDATE_PRODUCT = YES;
			};
			name = Release;
		};
		67571E80249A30090063B786 /* Debug */ = {
			isa = XCBuildConfiguration;
			buildSettings = {
				ASSETCATALOG_COMPILER_APPICON_NAME = AppIcon;
				CODE_SIGN_STYLE = Automatic;
				DEVELOPMENT_TEAM = MHPQ7L3RN7;
				INFOPLIST_FILE = "Audio-Frequency-Trainer/Info.plist";
				LD_RUNPATH_SEARCH_PATHS = (
					"$(inherited)",
					"@executable_path/Frameworks",
				);
				PRODUCT_BUNDLE_IDENTIFIER = "com.mixam.Audio-Frequency-Trainer";
				PRODUCT_NAME = "$(TARGET_NAME)";
				SWIFT_VERSION = 5.0;
				TARGETED_DEVICE_FAMILY = "1,2";
			};
			name = Debug;
		};
		67571E81249A30090063B786 /* Release */ = {
			isa = XCBuildConfiguration;
			buildSettings = {
				ASSETCATALOG_COMPILER_APPICON_NAME = AppIcon;
				CODE_SIGN_STYLE = Automatic;
				DEVELOPMENT_TEAM = MHPQ7L3RN7;
				INFOPLIST_FILE = "Audio-Frequency-Trainer/Info.plist";
				LD_RUNPATH_SEARCH_PATHS = (
					"$(inherited)",
					"@executable_path/Frameworks",
				);
				PRODUCT_BUNDLE_IDENTIFIER = "com.mixam.Audio-Frequency-Trainer";
				PRODUCT_NAME = "$(TARGET_NAME)";
				SWIFT_VERSION = 5.0;
				TARGETED_DEVICE_FAMILY = "1,2";
			};
			name = Release;
		};
/* End XCBuildConfiguration section */

/* Begin XCConfigurationList section */
		67571E66249A30090063B786 /* Build configuration list for PBXProject "Audio-Frequency-Trainer" */ = {
			isa = XCConfigurationList;
			buildConfigurations = (
				67571E7D249A30090063B786 /* Debug */,
				67571E7E249A30090063B786 /* Release */,
			);
			defaultConfigurationIsVisible = 0;
			defaultConfigurationName = Release;
		};
		67571E7F249A30090063B786 /* Build configuration list for PBXNativeTarget "Audio-Frequency-Trainer" */ = {
			isa = XCConfigurationList;
			buildConfigurations = (
				67571E80249A30090063B786 /* Debug */,
				67571E81249A30090063B786 /* Release */,
			);
			defaultConfigurationIsVisible = 0;
			defaultConfigurationName = Release;
		};
/* End XCConfigurationList section */
	};
	rootObject = 67571E63249A30090063B786 /* Project object */;
}
